github.com/DATA-DOG/go-sqlmock v1.3.3/go.mod h1:f/Ixk793poVmq4qj/V1dPUg2JEAKC73Q5eFN3EC/SaM=
github.com/OneOfOne/xxhash v1.2.2 h1:KMrpdQIwFcEqXDklaen+P1axHaj9BSKzvpUUfnHldSE=
github.com/OneOfOne/xxhash v1.2.2/go.mod h1:HSdplMjZKSmBqAxg5vPj2TmRDmfkzw+cTzAElWljhcU=
github.com/cespare/xxhash v1.1.0 h1:a6HrQnmkObjyL+Gs60czilIUGqrzKutQD6XZog3p+ko=
github.com/cespare/xxhash v1.1.0/go.mod h1:XrSqR1VqqWfGrhpAt58auRo0WTKS1nRRg3ghfAqPWnc=
github.com/d4l3k/messagediff v1.2.2-0.20190829033028-7e0a312ae40b/go.mod h1:Oozbb1TVXFac9FtSIxHBMnBCq2qeH/2KkEQxENCrlLo=
github.com/flopp/go-findfont v0.1.0 h1:lPn0BymDUtJo+ZkV01VS3661HL6F4qFlkhcJN55u6mU=
github.com/flopp/go-findfont v0.1.0/go.mod h1:wKKxRDjD024Rh7VMwoU90i6ikQRCr+JTHB5n4Ejkqvw=
github.com/gdamore/encoding v1.0.0/go.mod h1:alR0ol34c49FCSBLjhosxzcPHQbf2trDkoo5dl+VrEg=
github.com/gdamore/tcell v1.3.0/go.mod h1:Hjvr+Ofd+gLglo7RYKxxnzCBmev3BzsS67MebKS4zMM=
github.com/go-audio/audio v1.0.0/go.mod h1:6uAu0+H2lHkwdGsAY+j2wHPNPpPoeg5AaEFh9FlA+Zs=
github.com/go-audio/riff v1.0.0/go.mod h1:l3cQwc85y79NQFCRB7TiPoNiaijp6q8Z0Uv38rVG498=
github.com/go-audio/wav v1.0.0/go.mod h1:3yoReyQOsiARkvPl3ERCi8JFjihzG6WhjYpZCf5zAWE=
github.com/go-gl/gl v0.0.0-20231021071112-07e5d0ea2e71 h1:5BVwOaUSBTlVZowGO6VZGw2H/zl9nrd3eCZfYV+NfQA=
github.com/go-gl/gl v0.0.0-20231021071112-07e5d0ea2e71/go.mod h1:9YTyiznxEY1fVinfM7RvRcjRHbw2xLBJ3AAGIT0I4Nw=
github.com/go-gl/glfw/v3.3/glfw v0.0.0-20231223183121-56fa3ac82ce7 h1:7tf/0aw5DxRQjr7WaNqgtjidub6v21L2cogKIbMcTYw=
github.com/go-gl/glfw/v3.3/glfw v0.0.0-20231223183121-56fa3ac82ce7/go.mod h1:tQ2UAYgL5IevRw8kRxooKSPJfGvJ9fJQFa0TUsXzTg8=
github.com/go-gl/mathgl v1.0.0 h1:t9DznWJlXxxjeeKLIdovCOVJQk/GzDEL7h/h+Ro2B68=
github.com/go-gl/mathgl v1.0.0/go.mod h1:yhpkQzEiH9yPyxDUGzkmgScbaBVlhC06qodikEM0ZwQ=
github.com/go-test/deep v1.0.1 h1:UQhStjbkDClarlmv0am7OXXO4/GaPdCGiUiMTvi28sg=
github.com/go-test/deep v1.0.1/go.mod h1:wGDj63lr65AM2AQyKZd/NYHGb0R+1RLqB8NKt3aSFNA=
github.com/golang/freetype v0.0.0-20170609003504-e2365dfdc4a0 h1:DACJavvAHhabrF08vX0COfcOBJRhZ8lUbR+ZWIs0Y5g=
github.com/golang/freetype v0.0.0-20170609003504-e2365dfdc4a0/go.mod h1:E/TSTwGwJL78qG/PmXZO1EjYhfJinVAhrmmHX6Z8B9k=
github.com/hajimehoshi/go-mp3 v0.3.0 h1:fTM5DXjp/DL2G74HHAs/aBGiS9Tg7wnp+jkU38bHy4g=
github.com/hajimehoshi/go-mp3 v0.3.0/go.mod h1:qMJj/CSDxx6CGHiZeCgbiq2DSUkbK0UbtXShQcnfyMM=
github.com/hajimehoshi/oto v0.6.1/go.mod h1:0QXGEkbuJRohbJaxr7ZQSxnju7hEhseiPx2hrh6raOI=
github.com/hajimehoshi/oto v0.7.1 h1:I7maFPz5MBCwiutOrz++DLdbr4rTzBsbBuV2VpgU9kk=
github.com/hajimehoshi/oto v0.7.1/go.mod h1:wovJ8WWMfFKvP587mhHgot/MBr4DnNy9m6EepeVGnos=
github.com/icza/bitio v1.0.0/go.mod h1:0jGnlLAx8MKMr9VGnn/4YrvZiprkvBelsVIbA9Jjr9A=
github.com/icza/mighty v0.0.0-20180919140131-cfd07d671de6/go.mod h1:xQig96I1VNBDIWGCdTt54nHt6EeI639SmHycLYL7FkA=
github.com/ikemen-engine/beep v0.0.0-20230923080832-980aab9dbee7 h1:AkGr31Fk2yev0h7uKqyGWtlO17p48h/ivB+Ro03wRvA=
github.com/ikemen-engine/beep v0.0.0-20230923080832-980aab9dbee7/go.mod h1:XKUV0wo5hZKhCM7QZEol3RIlgBh7ZI7lEdI+mzWx2qY=
github.com/jfreymuth/oggvorbis v1.0.2 h1:MjAb64MjsqlUBBOlyqyZvB7H7om58F6I9iP4skamaII=
github.com/jfreymuth/oggvorbis v1.0.2/go.mod h1:hTCEBUJIOM8voBYPIa/TZima67oFAM1eB2Lzjq/nVK0=
github.com/jfreymuth/vorbis v1.0.1 h1:iA3VC/w+H0rHzPVrv1dkwxMMjk3LJTlSXlpYw6800u0=
github.com/jfreymuth/vorbis v1.0.1/go.mod h1:DoftRo4AznKnShRl1GxiTFCseHr4zR9BN3TWXyuzrqQ=
github.com/leonkasovan/gl v0.0.0-20240302015147-1ee9f5b02a16 h1:amIxWenjZ+EWyTWca1ad1pT/i9s4RNIV1DZ+7RD3co0=
github.com/leonkasovan/gl v0.0.0-20240302015147-1ee9f5b02a16/go.mod h1:FsbmKnamadwCMU92a/aFYYc4s9NXRx5N0mbSmL3voA8=
github.com/lucasb-eyer/go-colorful v1.0.2/go.mod h1:0MS4r+7BZKSJ5mw4/S5MPN+qHFF1fYclkSPilDOKW0s=
github.com/lukegb/dds v0.0.0-20190402175749-8b7170e64003 h1:6g1XsQmpC332a2qx+qkrEVBHeNucWaiXHIUBKW4W62s=
github.com/lukegb/dds v0.0.0-20190402175749-8b7170e64003/go.mod h1:hOrxKmZfUO2QXaqXIlrVqNdeBIFpNBb6uBzWsP9VwDw=
github.com/mattn/go-runewidth v0.0.4/go.mod h1:LwmH8dsx7+W8Uxz3IHJYH5QSwggIsqBzpuz5H//U1FU=
github.com/mewkiz/flac v1.0.7/go.mod h1:yU74UH277dBUpqxPouHSQIar3G1X/QIclVbFahSd1pU=
github.com/mewkiz/pkg v0.0.0-20190919212034-518ade7978e2/go.mod h1:3E2FUC/qYUfM8+r9zAwpeHJzqRVVMIYnpzD/clwWxyA=
github.com/pkg/errors v0.8.1/go.mod h1:bwawxfHBFNV+L2hUp1rHADufV3IMtnDRdf1r5NINEl0=
github.com/pkg/errors v0.9.1 h1:FEBLx1zS214owpjy7qsBeixbURkuhQAwrK5UwLGTwt4=
github.com/pkg/errors v0.9.1/go.mod h1:bwawxfHBFNV+L2hUp1rHADufV3IMtnDRdf1r5NINEl0=
github.com/qmuntal/gltf v0.24.2 h1:Cy9gabbcuWl/LJb3EIFXQIiWZ1Jf2V8ZygtiLc7Piyg=
github.com/qmuntal/gltf v0.24.2/go.mod h1:7FR0CRHoOehIgKTBVq/QVyvPn0i6tzp2AdIghb2bPg4=
github.com/samhocevar/go-meltysynth v0.0.0-20230403180939-aca4a036cb16 h1:slzh3BWJ6FyMM8gkDzDwHz+gjU4+82ldB6oPyYi82Ho=
github.com/samhocevar/go-meltysynth v0.0.0-20230403180939-aca4a036cb16/go.mod h1:J+GU4sgu3oAPHCceoTIXNKzFHSybNhF/LyFkWZlqhvE=
github.com/spaolacci/murmur3 v0.0.0-20180118202830-f09979ecbc72 h1:qLC7fQah7D6K1B0ujays3HV9gkFtllcxhzImRR7ArPQ=
github.com/spaolacci/murmur3 v0.0.0-20180118202830-f09979ecbc72/go.mod h1:JwIasOWyU6f++ZhiEuf87xNszmSA2myDM2Kzu9HwQUA=
github.com/veandco/go-sdl2 v0.4.40 h1:fZv6wC3zz1Xt167P09gazawnpa0KY5LM7JAvKpX9d/U=
github.com/veandco/go-sdl2 v0.4.40/go.mod h1:OROqMhHD43nT4/i9crJukyVecjPNYYuCofep6SNiAjY=
github.com/yuin/gopher-lua v1.1.0 h1:BojcDhfyDWgU2f2TOzYK/g5p2gxMrku8oupLDqlnSqE=
github.com/yuin/gopher-lua v1.1.0/go.mod h1:GBR0iDaNXjAgGg9zfCvksxSRnQx76gclCIb7kdAd1Pw=
golang.org/x/exp v0.0.0-20190306152737-a1d7652674e8/go.mod h1:CJ0aWSM057203Lf6IL+f9T1iT9GByDxfZKAQTCR3kQA=
golang.org/x/exp v0.0.0-20240325151524-a685a6edb6d8 h1:aAcj0Da7eBAtrTp03QXWvm88pSyOt+UgdZw2BFZ+lEw=
golang.org/x/exp v0.0.0-20240325151524-a685a6edb6d8/go.mod h1:CQ1k9gNrJ50XIzaKCRR2hssIjF07kZFEiieALBM/ARQ=
golang.org/x/exp/shiny v0.0.0-20241009180824-f66d83c29e7c h1:jTMrjjZRcSH/BDxWhXCP6OWsfVgmnwI7J+F4/nyVXaU=
golang.org/x/exp/shiny v0.0.0-20241009180824-f66d83c29e7c/go.mod h1:3F+MieQB7dRYLTmnncoFbb1crS5lfQoTfDgQy6K4N0o=
golang.org/x/image v0.0.0-20190220214146-31aff87c08e9/go.mod h1:kZ7UVZpmo3dzQBMxlp+ypCbDeSB+sBbTgSJuh5dn5js=
golang.org/x/image v0.0.0-20190227222117-0694c2d4d067/go.mod h1:kZ7UVZpmo3dzQBMxlp+ypCbDeSB+sBbTgSJuh5dn5js=
golang.org/x/image v0.0.0-20190321063152-3fc05d484e9f/go.mod h1:kZ7UVZpmo3dzQBMxlp+ypCbDeSB+sBbTgSJuh5dn5js=
golang.org/x/image v0.15.0 h1:kOELfmgrmJlw4Cdb7g/QGuB3CvDrXbqEIww/pNtNBm8=
golang.org/x/image v0.15.0/go.mod h1:HUYqC05R2ZcZ3ejNQsIHQDQiwWM4JBqmm6MKANTp4LE=
golang.org/x/mobile v0.0.0-20190415191353-3e0bab5405d6/go.mod h1:E/iHnbuqvinMTCcRqshq8CkpyQDoeVncDDYHnLhea+o=
golang.org/x/mobile v0.0.0-20231127183840-76ac6878050a h1:sYbmY3FwUWCBTodZL1S3JUuOvaW6kM2o+clDzzDNBWg=
golang.org/x/mobile v0.0.0-20231127183840-76ac6878050a/go.mod h1:Ede7gF0KGoHlj822RtphAHK1jLdrcuRBZg0sF1Q+SPc=
golang.org/x/net v0.0.0-20190213061140-3a22650c66bd/go.mod h1:mL1N/T3taQHkDXs73rZJwtUhF3w3ftmwwsq0BUmARs4=
golang.org/x/sys v0.0.0-20190312061237-fead79001313/go.mod h1:h1NjWce9XRLGQEsW7wpKNCjG9DtNlClVuFLEZdDNbEs=
golang.org/x/sys v0.0.0-20190429190828-d89cdac9e872/go.mod h1:h1NjWce9XRLGQEsW7wpKNCjG9DtNlClVuFLEZdDNbEs=
golang.org/x/sys v0.0.0-20190626150813-e07cf5db2756/go.mod h1:h1NjWce9XRLGQEsW7wpKNCjG9DtNlClVuFLEZdDNbEs=
golang.org/x/sys v0.15.0 h1:h48lPFYpsTvQJZF4EKyI4aLHaev3CxivZmv7yZig9pc=
golang.org/x/sys v0.15.0/go.mod h1:/VUhepiaJMQUp4+oa/7Zr1D23ma6VTLIYjOOTFZPUcA=
golang.org/x/text v0.3.0/go.mod h1:NqM8EUOU14njkJ3fqMW+pc6Ldnwhi/IjpwHt7yyuwOQ=
